{
  "name": "remix_icons",
  "lockfileVersion": 3,
  "requires": true,
  "packages": {
    "": {
      "dependencies": {
        "remixicon": "^4.8.0"
      }
    },
    "node_modules/remixicon": {
      "version": "4.8.0",
      "resolved": "https://registry.npmjs.org/remixicon/-/remixicon-4.8.0.tgz",
      "integrity": "sha512-8qTM/bWkmsAWitvcL9XrVPVdqHRrdmnNp4zCFBdmIHBygxfHWwoK6NzitbiMyRzjcXKBMlS/ab5M65/ZlxJTVA==",
      "license": "Apache-2.0"
    }
  }
}
