{
  "name": "remix_icons",
  "lockfileVersion": 3,
  "requires": true,
  "packages": {
    "": {
      "dependencies": {
        "remixicon": "^4.9.0"
      }
    },
    "node_modules/remixicon": {
      "version": "4.9.0",
      "resolved": "https://registry.npmjs.org/remixicon/-/remixicon-4.9.0.tgz",
      "integrity": "sha512-aeU8xMTuy1dciqJSRVYvYqhe2vg0Qc0gpsG1ypLgWFhdYRJNFeR6qLpQRkhkT6fgCkyz8j/OJ6YfDPw/U4gG1g==",
      "license": "Apache-2.0"
    }
  }
}
