{
  "name": "simple_icons",
  "lockfileVersion": 3,
  "requires": true,
  "packages": {
    "": {
      "dependencies": {
        "simple-icons": "^16.30.0",
        "simple-icons-font": "^16.30.0"
      }
    },
    "node_modules/simple-icons": {
      "version": "16.30.0",
      "resolved": "https://registry.npmjs.org/simple-icons/-/simple-icons-16.30.0.tgz",
      "integrity": "sha512-YX/HmgEqjpn5Zs3myzKp8ek5Ti+TdrkvNWn9skGLetg9tOg0cTjYizj9ESAYJn4xwc0GQYVGzQxBELDfbxq7WQ==",
      "funding": [
        {
          "type": "opencollective",
          "url": "https://opencollective.com/simple-icons"
        },
        {
          "type": "github",
          "url": "https://github.com/sponsors/simple-icons"
        }
      ],
      "license": "CC0-1.0",
      "engines": {
        "node": ">=0.12.18"
      }
    },
    "node_modules/simple-icons-font": {
      "version": "16.30.0",
      "resolved": "https://registry.npmjs.org/simple-icons-font/-/simple-icons-font-16.30.0.tgz",
      "integrity": "sha512-yaXBnFNR9b7ei+RYLovibCS/LpugIYgPMWKca91w17+TDpaZ9CTx3MTx1fKT+j3OkST2sQpKNaAaaoibWqY1yQ==",
      "license": "CC0-1.0",
      "funding": {
        "type": "opencollective",
        "url": "https://opencollective.com/simple-icons"
      }
    }
  }
}
