{
  "name": "simple_icons",
  "lockfileVersion": 3,
  "requires": true,
  "packages": {
    "": {
      "dependencies": {
        "simple-icons": "^16.27.1",
        "simple-icons-font": "^16.27.1"
      }
    },
    "node_modules/simple-icons": {
      "version": "16.27.1",
      "resolved": "https://registry.npmjs.org/simple-icons/-/simple-icons-16.27.1.tgz",
      "integrity": "sha512-slZF8iKxkv7Lb9SF3L1AcIl5iYLNvDrKKm8yV69cG66XvxJ12SX+bYTgxRwCY4bXSmklGXoXaKEyVmEypOCeqw==",
      "funding": [
        {
          "type": "opencollective",
          "url": "https://opencollective.com/simple-icons"
        },
        {
          "type": "github",
          "url": "https://github.com/sponsors/simple-icons"
        }
      ],
      "license": "CC0-1.0",
      "engines": {
        "node": ">=0.12.18"
      }
    },
    "node_modules/simple-icons-font": {
      "version": "16.27.1",
      "resolved": "https://registry.npmjs.org/simple-icons-font/-/simple-icons-font-16.27.1.tgz",
      "integrity": "sha512-lDBSTcIezWvbblBnq6DOUZH3gRrFPT2y6W6Y88zVZItiSS/mpjmXzQJi3i6g8CFOq52n4aTZpWZ+32llAIorpw==",
      "license": "CC0-1.0",
      "funding": {
        "type": "opencollective",
        "url": "https://opencollective.com/simple-icons"
      }
    }
  }
}
