{
  "name": "lucide_icons",
  "lockfileVersion": 3,
  "requires": true,
  "packages": {
    "": {
      "dependencies": {
        "lucide-static": "^1.9.0"
      }
    },
    "node_modules/lucide-static": {
      "version": "1.9.0",
      "resolved": "https://registry.npmjs.org/lucide-static/-/lucide-static-1.9.0.tgz",
      "integrity": "sha512-X2sw9Z6Czwc2yqrLzlFUYUH2R6Y66qYg1RAOZrRSeoKoO+UAttCYkGIpEgnP4BSeBcyVef2vrF+uScdpiyTKRg==",
      "license": "ISC"
    }
  }
}
