{
  "name": "lucide_icons",
  "lockfileVersion": 3,
  "requires": true,
  "packages": {
    "": {
      "dependencies": {
        "lucide-static": "^0.574.0"
      }
    },
    "node_modules/lucide-static": {
      "version": "0.574.0",
      "resolved": "https://registry.npmjs.org/lucide-static/-/lucide-static-0.574.0.tgz",
      "integrity": "sha512-UiT40+ciW+w3VSpujK+PoHGjbvWD+EqqiVRzPFFj/Uta61j30wug/sPB/mtdVTCicAm3ASklK0CzEZ+7IZ4Vvw==",
      "license": "ISC"
    }
  }
}
