{
  "name": "lucide_icons",
  "lockfileVersion": 3,
  "requires": true,
  "packages": {
    "": {
      "dependencies": {
        "lucide-static": "^1.30.0"
      }
    },
    "node_modules/lucide-static": {
      "version": "1.30.0",
      "resolved": "https://registry.npmjs.org/lucide-static/-/lucide-static-1.30.0.tgz",
      "integrity": "sha512-lgG5XTlCPG9OQABEVbhhvcG3N0T8SDFg8NFw34j71+VK8TSP6xMlfXLsuwXiHZvL+bDoA5J2gOebqRocl4WvTw==",
      "license": "ISC"
    }
  }
}
