{
  "name": "primer_icons",
  "lockfileVersion": 3,
  "requires": true,
  "packages": {
    "": {
      "dependencies": {
        "@primer/octicons": "^19.33.0"
      }
    },
    "node_modules/@primer/octicons": {
      "version": "19.33.0",
      "resolved": "https://registry.npmjs.org/@primer/octicons/-/octicons-19.33.0.tgz",
      "integrity": "sha512-kYrlutFnNVWDgckjQwOv9kXiFIPjTD/N+DIx6qzMBAk82nGTE85UKSvFvbt/RUhviNEoCjFoEr4fn5EAbkkUzQ==",
      "license": "MIT",
      "dependencies": {
        "object-assign": "^4.1.1"
      }
    },
    "node_modules/object-assign": {
      "version": "4.1.1",
      "resolved": "https://registry.npmjs.org/object-assign/-/object-assign-4.1.1.tgz",
      "integrity": "sha512-rJgTQnkUnH1sFw8yT6VSU3zD3sWmu6sZhIseY8VX+GRu3P6F7Fu+JNDoXfklElbLJSnc3FUQHVe4cU5hj+BcUg==",
      "license": "MIT",
      "engines": {
        "node": ">=0.10.0"
      }
    }
  }
}
