{
  "name": "tabler_icons",
  "lockfileVersion": 3,
  "requires": true,
  "packages": {
    "": {
      "dependencies": {
        "@tabler/icons": "^3.49.0",
        "@tabler/icons-webfont": "^3.49.0"
      }
    },
    "node_modules/@tabler/icons": {
      "version": "3.49.0",
      "resolved": "https://registry.npmjs.org/@tabler/icons/-/icons-3.49.0.tgz",
      "integrity": "sha512-l+GnSkFETx0U26icxv1VUFnxxiTqXfCcVRiRAnyMwibupM2S2L/hSaZ9gmSgz01rkrsH/93NvLsxykqdanc6lw==",
      "license": "MIT",
      "funding": {
        "type": "github",
        "url": "https://github.com/sponsors/codecalm"
      }
    },
    "node_modules/@tabler/icons-webfont": {
      "version": "3.49.0",
      "resolved": "https://registry.npmjs.org/@tabler/icons-webfont/-/icons-webfont-3.49.0.tgz",
      "integrity": "sha512-kWgnmEzo17dzQyMqRmlfj+TiGV0clLMYfUtKp2WG7M+TH5418o6fsoaSlrOTK3lwESg0xS7jVfOozYrR02Ryxw==",
      "dependencies": {
        "@tabler/icons": "3.49.0"
      },
      "funding": {
        "type": "github",
        "url": "https://github.com/sponsors/codecalm"
      }
    }
  }
}
